
Microsoft Visual Studio Solution File, Format Version 12.00
# Visual Studio Version 17
VisualStudioVersion = 17.10.35027.167
MinimumVisualStudioVersion = 10.0.40219.1
Project("{9A19103F-16F7-4668-BE54-9A1E7A4F7556}") = "PhigrosCrossPlatformDataMigrator", "PhigrosCrossPlatformDataMigrator.csproj", "{05929F74-B556-4F03-8AFB-61EF0FDCF20D}"
EndProject
Global
	GlobalSection(SolutionConfigurationPlatforms) = preSolution
		Debug|Any CPU = Debug|Any CPU
		Release|Any CPU = Release|Any CPU
	EndGlobalSection
	GlobalSection(ProjectConfigurationPlatforms) = postSolution
		{05929F74-B556-4F03-8AFB-61EF0FDCF20D}.Debug|Any CPU.ActiveCfg = Debug|Any CPU
		{05929F74-B556-4F03-8AFB-61EF0FDCF20D}.Debug|Any CPU.Build.0 = Debug|Any CPU
		{05929F74-B556-4F03-8AFB-61EF0FDCF20D}.Release|Any CPU.ActiveCfg = Release|Any CPU
		{05929F74-B556-4F03-8AFB-61EF0FDCF20D}.Release|Any CPU.Build.0 = Release|Any CPU
	EndGlobalSection
	GlobalSection(SolutionProperties) = preSolution
		HideSolutionNode = FALSE
	EndGlobalSection
	GlobalSection(ExtensibilityGlobals) = postSolution
		SolutionGuid = {1AB3A7F0-7668-4174-BDF9-3FA29E468AF2}
	EndGlobalSection
EndGlobal
